Microsoft Visual Studio Solution File, Format Version 12.00
# Visual Studio Version 17
VisualStudioVersion = 17.5.2.0
MinimumVisualStudioVersion = 10.0.40219.1
Project("{FAE04EC0-301F-11D3-BF4B-00C04F79EFBC}") = "CommentService", "comment-service\CommentService.csproj", "{11A966CC-F495-6DBD-14E2-5E5FCFD61206}"
EndProject
Global
	GlobalSection(SolutionConfigurationPlatforms) = preSolution
		Debug|Any CPU = Debug|Any CPU
		Release|Any CPU = Release|Any CPU
	EndGlobalSection
	GlobalSection(ProjectConfigurationPlatforms) = postSolution
		{11A966CC-F495-6DBD-14E2-5E5FCFD61206}.Debug|Any CPU.ActiveCfg = Debug|Any CPU
		{11A966CC-F495-6DBD-14E2-5E5FCFD61206}.Debug|Any CPU.Build.0 = Debug|Any CPU
		{11A966CC-F495-6DBD-14E2-5E5FCFD61206}.Release|Any CPU.ActiveCfg = Release|Any CPU
		{11A966CC-F495-6DBD-14E2-5E5FCFD61206}.Release|Any CPU.Build.0 = Release|Any CPU
	EndGlobalSection
	GlobalSection(SolutionProperties) = preSolution
		HideSolutionNode = FALSE
	EndGlobalSection
	GlobalSection(ExtensibilityGlobals) = postSolution
		SolutionGuid = {065CE2EE-A594-4BDF-90A8-AE071AA46BB1}
	EndGlobalSection
EndGlobal
